// !$*UTF8*$!
{
	archiveVersion = 1;
	classes = {
	};
	objectVersion = 50;
	objects = {

/* Begin PBXBuildFile section */
		7393CED6C45FA9CD31521186 /* Pods_recreation.framework in Frameworks */ = {isa = PBXBuildFile; fileRef = A396EC558C483983BAE9460E /* Pods_recreation.framework */; };
		CD938DD021DDE1370065C6E1 /* AppDelegate.swift in Sources */ = {isa = PBXBuildFile; fileRef = CD938DCF21DDE1370065C6E1 /* AppDelegate.swift */; };
		CD938DD721DDE1370065C6E1 /* Main.storyboard in Resources */ = {isa = PBXBuildFile; fileRef = CD938DD521DDE1370065C6E1 /* Main.storyboard */; };
		CD938DD921DDE1390065C6E1 /* Assets.xcassets in Resources */ = {isa = PBXBuildFile; fileRef = CD938DD821DDE1390065C6E1 /* Assets.xcassets */; };
		CD938DDC21DDE1390065C6E1 /* LaunchScreen.storyboard in Resources */ = {isa = PBXBuildFile; fileRef = CD938DDA21DDE1390065C6E1 /* LaunchScreen.storyboard */; };
		CD938DE721DDE1390065C6E1 /* recreationTests.swift in Sources */ = {isa = PBXBuildFile; fileRef = CD938DE621DDE1390065C6E1 /* recreationTests.swift */; };
		CD938DF921DDE4750065C6E1 /* DateExt.swift in Sources */ = {isa = PBXBuildFile; fileRef = CD938DF821DDE4750065C6E1 /* DateExt.swift */; };
		CD938DFB21DDFDC80065C6E1 /* GradientView.swift in Sources */ = {isa = PBXBuildFile; fileRef = CD938DFA21DDFDC80065C6E1 /* GradientView.swift */; };
		CD938DFD21DDFE330065C6E1 /* UIImageExtension.swift in Sources */ = {isa = PBXBuildFile; fileRef = CD938DFC21DDFE330065C6E1 /* UIImageExtension.swift */; };
		CD938E0121DDFFA60065C6E1 /* UITabBarExtension.swift in Sources */ = {isa = PBXBuildFile; fileRef = CD938E0021DDFFA60065C6E1 /* UITabBarExtension.swift */; };
		CDD25AA221EAF75100FEE3EF /* Welcome.storyboard in Resources */ = {isa = PBXBuildFile; fileRef = CDD25AA121EAF75100FEE3EF /* Welcome.storyboard */; };
		CDD25AA421EAF76900FEE3EF /* LiveStream.storyboard in Resources */ = {isa = PBXBuildFile; fileRef = CDD25AA321EAF76900FEE3EF /* LiveStream.storyboard */; };
		CDD25AA621EAF78E00FEE3EF /* More.storyboard in Resources */ = {isa = PBXBuildFile; fileRef = CDD25AA521EAF78E00FEE3EF /* More.storyboard */; };
		CDD25AA821EAF7A000FEE3EF /* Giving.storyboard in Resources */ = {isa = PBXBuildFile; fileRef = CDD25AA721EAF7A000FEE3EF /* Giving.storyboard */; };
		CDD25AB321EAF98500FEE3EF /* BibleStudy.storyboard in Resources */ = {isa = PBXBuildFile; fileRef = CDD25AB221EAF98500FEE3EF /* BibleStudy.storyboard */; };
/* End PBXBuildFile section */

/* Begin PBXContainerItemProxy section */
		CD938DE321DDE1390065C6E1 /* PBXContainerItemProxy */ = {
			isa = PBXContainerItemProxy;
			containerPortal = CD938DC421DDE1370065C6E1 /* Project object */;
			proxyType = 1;
			remoteGlobalIDString = CD938DCB21DDE1370065C6E1;
			remoteInfo = recreation;
		};
/* End PBXContainerItemProxy section */

/* Begin PBXFileReference section */
		42089F8C7C7882E2AC50604C /* Pods-recreation.debug.xcconfig */ = {isa = PBXFileReference; includeInIndex = 1; lastKnownFileType = text.xcconfig; name = "Pods-recreation.debug.xcconfig"; path = "Pods/Target Support Files/Pods-recreation/Pods-recreation.debug.xcconfig"; sourceTree = "<group>"; };
		4FE09A2FA95FEB96B721D956 /* Pods-recreation.release.xcconfig */ = {isa = PBXFileReference; includeInIndex = 1; lastKnownFileType = text.xcconfig; name = "Pods-recreation.release.xcconfig"; path = "Pods/Target Support Files/Pods-recreation/Pods-recreation.release.xcconfig"; sourceTree = "<group>"; };
		A396EC558C483983BAE9460E /* Pods_recreation.framework */ = {isa = PBXFileReference; explicitFileType = wrapper.framework; includeInIndex = 0; path = Pods_recreation.framework; sourceTree = BUILT_PRODUCTS_DIR; };
		CD938DCC21DDE1370065C6E1 /* recreation.app */ = {isa = PBXFileReference; explicitFileType = wrapper.application; includeInIndex = 0; path = recreation.app; sourceTree = BUILT_PRODUCTS_DIR; };
		CD938DCF21DDE1370065C6E1 /* AppDelegate.swift */ = {isa = PBXFileReference; lastKnownFileType = sourcecode.swift; path = AppDelegate.swift; sourceTree = "<group>"; };
		CD938DD621DDE1370065C6E1 /* Base */ = {isa = PBXFileReference; lastKnownFileType = file.storyboard; name = Base; path = Base.lproj/Main.storyboard; sourceTree = "<group>"; };
		CD938DD821DDE1390065C6E1 /* Assets.xcassets */ = {isa = PBXFileReference; lastKnownFileType = folder.assetcatalog; path = Assets.xcassets; sourceTree = "<group>"; };
		CD938DDB21DDE1390065C6E1 /* Base */ = {isa = PBXFileReference; lastKnownFileType = file.storyboard; name = Base; path = Base.lproj/LaunchScreen.storyboard; sourceTree = "<group>"; };
		CD938DDD21DDE1390065C6E1 /* Info.plist */ = {isa = PBXFileReference; lastKnownFileType = text.plist.xml; path = Info.plist; sourceTree = "<group>"; };
		CD938DE221DDE1390065C6E1 /* recreationTests.xctest */ = {isa = PBXFileReference; explicitFileType = wrapper.cfbundle; includeInIndex = 0; path = recreationTests.xctest; sourceTree = BUILT_PRODUCTS_DIR; };
		CD938DE621DDE1390065C6E1 /* recreationTests.swift */ = {isa = PBXFileReference; lastKnownFileType = sourcecode.swift; path = recreationTests.swift; sourceTree = "<group>"; };
		CD938DE821DDE1390065C6E1 /* Info.plist */ = {isa = PBXFileReference; lastKnownFileType = text.plist.xml; path = Info.plist; sourceTree = "<group>"; };
		CD938DF821DDE4750065C6E1 /* DateExt.swift */ = {isa = PBXFileReference; fileEncoding = 4; lastKnownFileType = sourcecode.swift; path = DateExt.swift; sourceTree = "<group>"; };
		CD938DFA21DDFDC80065C6E1 /* GradientView.swift */ = {isa = PBXFileReference; lastKnownFileType = sourcecode.swift; path = GradientView.swift; sourceTree = "<group>"; };
		CD938DFC21DDFE330065C6E1 /* UIImageExtension.swift */ = {isa = PBXFileReference; lastKnownFileType = sourcecode.swift; path = UIImageExtension.swift; sourceTree = "<group>"; };
		CD938E0021DDFFA60065C6E1 /* UITabBarExtension.swift */ = {isa = PBXFileReference; lastKnownFileType = sourcecode.swift; path = UITabBarExtension.swift; sourceTree = "<group>"; };
		CDD25AA121EAF75100FEE3EF /* Welcome.storyboard */ = {isa = PBXFileReference; lastKnownFileType = file.storyboard; path = Welcome.storyboard; sourceTree = "<group>"; };
		CDD25AA321EAF76900FEE3EF /* LiveStream.storyboard */ = {isa = PBXFileReference; lastKnownFileType = file.storyboard; path = LiveStream.storyboard; sourceTree = "<group>"; };
		CDD25AA521EAF78E00FEE3EF /* More.storyboard */ = {isa = PBXFileReference; lastKnownFileType = file.storyboard; path = More.storyboard; sourceTree = "<group>"; };
		CDD25AA721EAF7A000FEE3EF /* Giving.storyboard */ = {isa = PBXFileReference; lastKnownFileType = file.storyboard; path = Giving.storyboard; sourceTree = "<group>"; };
		CDD25AB221EAF98500FEE3EF /* BibleStudy.storyboard */ = {isa = PBXFileReference; lastKnownFileType = file.storyboard; path = BibleStudy.storyboard; sourceTree = "<group>"; };
/* End PBXFileReference section */

/* Begin PBXFrameworksBuildPhase section */
		CD938DC921DDE1370065C6E1 /* Frameworks */ = {
			isa = PBXFrameworksBuildPhase;
			buildActionMask = 2147483647;
			files = (
				7393CED6C45FA9CD31521186 /* Pods_recreation.framework in Frameworks */,
			);
			runOnlyForDeploymentPostprocessing = 0;
		};
		CD938DDF21DDE1390065C6E1 /* Frameworks */ = {
			isa = PBXFrameworksBuildPhase;
			buildActionMask = 2147483647;
			files = (
			);
			runOnlyForDeploymentPostprocessing = 0;
		};
/* End PBXFrameworksBuildPhase section */

/* Begin PBXGroup section */
		58678CB7BEAC0308560CB1A9 /* Frameworks */ = {
			isa = PBXGroup;
			children = (
				A396EC558C483983BAE9460E /* Pods_recreation.framework */,
			);
			name = Frameworks;
			sourceTree = "<group>";
		};
		CD938DC321DDE1370065C6E1 = {
			isa = PBXGroup;
			children = (
				CD938DCE21DDE1370065C6E1 /* recreation */,
				CD938DE521DDE1390065C6E1 /* recreationTests */,
				CD938DCD21DDE1370065C6E1 /* Products */,
				E30C00D70B581E0C5EE8784F /* Pods */,
				58678CB7BEAC0308560CB1A9 /* Frameworks */,
			);
			sourceTree = "<group>";
		};
		CD938DCD21DDE1370065C6E1 /* Products */ = {
			isa = PBXGroup;
			children = (
				CD938DCC21DDE1370065C6E1 /* recreation.app */,
				CD938DE221DDE1390065C6E1 /* recreationTests.xctest */,
			);
			name = Products;
			sourceTree = "<group>";
		};
		CD938DCE21DDE1370065C6E1 /* recreation */ = {
			isa = PBXGroup;
			children = (
				CDD25AAB21EAF80900FEE3EF /* App */,
				CDD25AA921EAF7B200FEE3EF /* UI */,
				CD938DF221DDE1590065C6E1 /* Model */,
				CD938DF421DDE17F0065C6E1 /* Extensions */,
				CDD25AAC21EAF83D00FEE3EF /* Types */,
				CD938DF521DDE18B0065C6E1 /* Supporting Files */,
				CD938DD821DDE1390065C6E1 /* Assets.xcassets */,
				CD938DDA21DDE1390065C6E1 /* LaunchScreen.storyboard */,
				CD938DDD21DDE1390065C6E1 /* Info.plist */,
			);
			path = recreation;
			sourceTree = "<group>";
		};
		CD938DE521DDE1390065C6E1 /* recreationTests */ = {
			isa = PBXGroup;
			children = (
				CD938DE621DDE1390065C6E1 /* recreationTests.swift */,
				CD938DE821DDE1390065C6E1 /* Info.plist */,
			);
			path = recreationTests;
			sourceTree = "<group>";
		};
		CD938DF221DDE1590065C6E1 /* Model */ = {
			isa = PBXGroup;
			children = (
			);
			path = Model;
			sourceTree = "<group>";
		};
		CD938DF321DDE1600065C6E1 /* Views */ = {
			isa = PBXGroup;
			children = (
				CD938DFA21DDFDC80065C6E1 /* GradientView.swift */,
			);
			path = Views;
			sourceTree = "<group>";
		};
		CD938DF421DDE17F0065C6E1 /* Extensions */ = {
			isa = PBXGroup;
			children = (
				CD938DF821DDE4750065C6E1 /* DateExt.swift */,
				CD938DFC21DDFE330065C6E1 /* UIImageExtension.swift */,
				CD938E0021DDFFA60065C6E1 /* UITabBarExtension.swift */,
			);
			path = Extensions;
			sourceTree = "<group>";
		};
		CD938DF521DDE18B0065C6E1 /* Supporting Files */ = {
			isa = PBXGroup;
			children = (
			);
			path = "Supporting Files";
			sourceTree = "<group>";
		};
		CDD25AA921EAF7B200FEE3EF /* UI */ = {
			isa = PBXGroup;
			children = (
				CDD25AB121EAF95600FEE3EF /* app_main */,
				CDD25AB021EAF93800FEE3EF /* Welcome */,
				CDD25AAF21EAF92800FEE3EF /* BibleStudy */,
				CDD25AAE21EAF91800FEE3EF /* LiveStream */,
				CD938DF321DDE1600065C6E1 /* Views */,
				CDD25AAD21EAF84B00FEE3EF /* Giving */,
				CDD25AAA21EAF7C000FEE3EF /* More */,
			);
			path = UI;
			sourceTree = "<group>";
		};
		CDD25AAA21EAF7C000FEE3EF /* More */ = {
			isa = PBXGroup;
			children = (
				CDD25AA521EAF78E00FEE3EF /* More.storyboard */,
			);
			path = More;
			sourceTree = "<group>";
		};
		CDD25AAB21EAF80900FEE3EF /* App */ = {
			isa = PBXGroup;
			children = (
				CD938DCF21DDE1370065C6E1 /* AppDelegate.swift */,
			);
			path = App;
			sourceTree = "<group>";
		};
		CDD25AAC21EAF83D00FEE3EF /* Types */ = {
			isa = PBXGroup;
			children = (
			);
			path = Types;
			sourceTree = "<group>";
		};
		CDD25AAD21EAF84B00FEE3EF /* Giving */ = {
			isa = PBXGroup;
			children = (
				CDD25AA721EAF7A000FEE3EF /* Giving.storyboard */,
			);
			path = Giving;
			sourceTree = "<group>";
		};
		CDD25AAE21EAF91800FEE3EF /* LiveStream */ = {
			isa = PBXGroup;
			children = (
				CDD25AA321EAF76900FEE3EF /* LiveStream.storyboard */,
			);
			path = LiveStream;
			sourceTree = "<group>";
		};
		CDD25AAF21EAF92800FEE3EF /* BibleStudy */ = {
			isa = PBXGroup;
			children = (
				CDD25AB221EAF98500FEE3EF /* BibleStudy.storyboard */,
			);
			path = BibleStudy;
			sourceTree = "<group>";
		};
		CDD25AB021EAF93800FEE3EF /* Welcome */ = {
			isa = PBXGroup;
			children = (
				CDD25AA121EAF75100FEE3EF /* Welcome.storyboard */,
			);
			path = Welcome;
			sourceTree = "<group>";
		};
		CDD25AB121EAF95600FEE3EF /* app_main */ = {
			isa = PBXGroup;
			children = (
				CD938DD521DDE1370065C6E1 /* Main.storyboard */,
			);
			path = app_main;
			sourceTree = "<group>";
		};
		E30C00D70B581E0C5EE8784F /* Pods */ = {
			isa = PBXGroup;
			children = (
				42089F8C7C7882E2AC50604C /* Pods-recreation.debug.xcconfig */,
				4FE09A2FA95FEB96B721D956 /* Pods-recreation.release.xcconfig */,
			);
			name = Pods;
			sourceTree = "<group>";
		};
/* End PBXGroup section */

/* Begin PBXNativeTarget section */
		CD938DCB21DDE1370065C6E1 /* recreation */ = {
			isa = PBXNativeTarget;
			buildConfigurationList = CD938DEB21DDE1390065C6E1 /* Build configuration list for PBXNativeTarget "recreation" */;
			buildPhases = (
				021088752431261824896F0B /* [CP] Check Pods Manifest.lock */,
				CD938DC821DDE1370065C6E1 /* Sources */,
				CD938DC921DDE1370065C6E1 /* Frameworks */,
				CD938DCA21DDE1370065C6E1 /* Resources */,
				253E6DBAED11F35993DD96D7 /* [CP] Embed Pods Frameworks */,
			);
			buildRules = (
			);
			dependencies = (
			);
			name = recreation;
			productName = recreation;
			productReference = CD938DCC21DDE1370065C6E1 /* recreation.app */;
			productType = "com.apple.product-type.application";
		};
		CD938DE121DDE1390065C6E1 /* recreationTests */ = {
			isa = PBXNativeTarget;
			buildConfigurationList = CD938DEE21DDE1390065C6E1 /* Build configuration list for PBXNativeTarget "recreationTests" */;
			buildPhases = (
				CD938DDE21DDE1390065C6E1 /* Sources */,
				CD938DDF21DDE1390065C6E1 /* Frameworks */,
				CD938DE021DDE1390065C6E1 /* Resources */,
			);
			buildRules = (
			);
			dependencies = (
				CD938DE421DDE1390065C6E1 /* PBXTargetDependency */,
			);
			name = recreationTests;
			productName = recreationTests;
			productReference = CD938DE221DDE1390065C6E1 /* recreationTests.xctest */;
			productType = "com.apple.product-type.bundle.unit-test";
		};
/* End PBXNativeTarget section */

/* Begin PBXProject section */
		CD938DC421DDE1370065C6E1 /* Project object */ = {
			isa = PBXProject;
			attributes = {
				LastSwiftUpdateCheck = 1010;
				LastUpgradeCheck = 1010;
				ORGANIZATIONNAME = "Oforkanji Odekpe";
				TargetAttributes = {
					CD938DCB21DDE1370065C6E1 = {
						CreatedOnToolsVersion = 10.1;
					};
					CD938DE121DDE1390065C6E1 = {
						CreatedOnToolsVersion = 10.1;
						TestTargetID = CD938DCB21DDE1370065C6E1;
					};
				};
			};
			buildConfigurationList = CD938DC721DDE1370065C6E1 /* Build configuration list for PBXProject "recreation" */;
			compatibilityVersion = "Xcode 9.3";
			developmentRegion = en;
			hasScannedForEncodings = 0;
			knownRegions = (
				en,
				Base,
			);
			mainGroup = CD938DC321DDE1370065C6E1;
			productRefGroup = CD938DCD21DDE1370065C6E1 /* Products */;
			projectDirPath = "";
			projectRoot = "";
			targets = (
				CD938DCB21DDE1370065C6E1 /* recreation */,
				CD938DE121DDE1390065C6E1 /* recreationTests */,
			);
		};
/* End PBXProject section */

/* Begin PBXResourcesBuildPhase section */
		CD938DCA21DDE1370065C6E1 /* Resources */ = {
			isa = PBXResourcesBuildPhase;
			buildActionMask = 2147483647;
			files = (
				CD938DDC21DDE1390065C6E1 /* LaunchScreen.storyboard in Resources */,
				CDD25AA821EAF7A000FEE3EF /* Giving.storyboard in Resources */,
				CDD25AA221EAF75100FEE3EF /* Welcome.storyboard in Resources */,
				CDD25AB321EAF98500FEE3EF /* BibleStudy.storyboard in Resources */,
				CD938DD921DDE1390065C6E1 /* Assets.xcassets in Resources */,
				CDD25AA621EAF78E00FEE3EF /* More.storyboard in Resources */,
				CDD25AA421EAF76900FEE3EF /* LiveStream.storyboard in Resources */,
				CD938DD721DDE1370065C6E1 /* Main.storyboard in Resources */,
			);
			runOnlyForDeploymentPostprocessing = 0;
		};
		CD938DE021DDE1390065C6E1 /* Resources */ = {
			isa = PBXResourcesBuildPhase;
			buildActionMask = 2147483647;
			files = (
			);
			runOnlyForDeploymentPostprocessing = 0;
		};
/* End PBXResourcesBuildPhase section */

/* Begin PBXShellScriptBuildPhase section */
		021088752431261824896F0B /* [CP] Check Pods Manifest.lock */ = {
			isa = PBXShellScriptBuildPhase;
			buildActionMask = 2147483647;
			files = (
			);
			inputPaths = (
				"${PODS_PODFILE_DIR_PATH}/Podfile.lock",
				"${PODS_ROOT}/Manifest.lock",
			);
			name = "[CP] Check Pods Manifest.lock";
			outputPaths = (
				"$(DERIVED_FILE_DIR)/Pods-recreation-checkManifestLockResult.txt",
			);
			runOnlyForDeploymentPostprocessing = 0;
			shellPath = /bin/sh;
			shellScript = "diff \"${PODS_PODFILE_DIR_PATH}/Podfile.lock\" \"${PODS_ROOT}/Manifest.lock\" > /dev/null\nif [ $? != 0 ] ; then\n    # print error to STDERR\n    echo \"error: The sandbox is not in sync with the Podfile.lock. Run 'pod install' or update your CocoaPods installation.\" >&2\n    exit 1\nfi\n# This output is used by Xcode 'outputs' to avoid re-running this script phase.\necho \"SUCCESS\" > \"${SCRIPT_OUTPUT_FILE_0}\"\n";
			showEnvVarsInLog = 0;
		};
		253E6DBAED11F35993DD96D7 /* [CP] Embed Pods Frameworks */ = {
			isa = PBXShellScriptBuildPhase;
			buildActionMask = 2147483647;
			files = (
			);
			inputPaths = (
				"${SRCROOT}/Pods/Target Support Files/Pods-recreation/Pods-recreation-frameworks.sh",
				"${BUILT_PRODUCTS_DIR}/Alamofire/Alamofire.framework",
				"${BUILT_PRODUCTS_DIR}/AlamofireImage/AlamofireImage.framework",
				"${BUILT_PRODUCTS_DIR}/GTMSessionFetcher/GTMSessionFetcher.framework",
				"${BUILT_PRODUCTS_DIR}/GoogleUtilities/GoogleUtilities.framework",
				"${BUILT_PRODUCTS_DIR}/R.swift.Library/Rswift.framework",
				"${BUILT_PRODUCTS_DIR}/SwiftyJSON/SwiftyJSON.framework",
				"${BUILT_PRODUCTS_DIR}/leveldb-library/leveldb.framework",
				"${BUILT_PRODUCTS_DIR}/nanopb/nanopb.framework",
			);
			name = "[CP] Embed Pods Frameworks";
			outputPaths = (
				"${TARGET_BUILD_DIR}/${FRAMEWORKS_FOLDER_PATH}/Alamofire.framework",
				"${TARGET_BUILD_DIR}/${FRAMEWORKS_FOLDER_PATH}/AlamofireImage.framework",
				"${TARGET_BUILD_DIR}/${FRAMEWORKS_FOLDER_PATH}/GTMSessionFetcher.framework",
				"${TARGET_BUILD_DIR}/${FRAMEWORKS_FOLDER_PATH}/GoogleUtilities.framework",
				"${TARGET_BUILD_DIR}/${FRAMEWORKS_FOLDER_PATH}/Rswift.framework",
				"${TARGET_BUILD_DIR}/${FRAMEWORKS_FOLDER_PATH}/SwiftyJSON.framework",
				"${TARGET_BUILD_DIR}/${FRAMEWORKS_FOLDER_PATH}/leveldb.framework",
				"${TARGET_BUILD_DIR}/${FRAMEWORKS_FOLDER_PATH}/nanopb.framework",
			);
			runOnlyForDeploymentPostprocessing = 0;
			shellPath = /bin/sh;
			shellScript = "\"${SRCROOT}/Pods/Target Support Files/Pods-recreation/Pods-recreation-frameworks.sh\"\n";
			showEnvVarsInLog = 0;
		};
/* End PBXShellScriptBuildPhase section */

/* Begin PBXSourcesBuildPhase section */
		CD938DC821DDE1370065C6E1 /* Sources */ = {
			isa = PBXSourcesBuildPhase;
			buildActionMask = 2147483647;
			files = (
				CD938E0121DDFFA60065C6E1 /* UITabBarExtension.swift in Sources */,
				CD938DD021DDE1370065C6E1 /* AppDelegate.swift in Sources */,
				CD938DFB21DDFDC80065C6E1 /* GradientView.swift in Sources */,
				CD938DF921DDE4750065C6E1 /* DateExt.swift in Sources */,
				CD938DFD21DDFE330065C6E1 /* UIImageExtension.swift in Sources */,
			);
			runOnlyForDeploymentPostprocessing = 0;
		};
		CD938DDE21DDE1390065C6E1 /* Sources */ = {
			isa = PBXSourcesBuildPhase;
			buildActionMask = 2147483647;
			files = (
				CD938DE721DDE1390065C6E1 /* recreationTests.swift in Sources */,
			);
			runOnlyForDeploymentPostprocessing = 0;
		};
/* End PBXSourcesBuildPhase section */

/* Begin PBXTargetDependency section */
		CD938DE421DDE1390065C6E1 /* PBXTargetDependency */ = {
			isa = PBXTargetDependency;
			target = CD938DCB21DDE1370065C6E1 /* recreation */;
			targetProxy = CD938DE321DDE1390065C6E1 /* PBXContainerItemProxy */;
		};
/* End PBXTargetDependency section */

/* Begin PBXVariantGroup section */
		CD938DD521DDE1370065C6E1 /* Main.storyboard */ = {
			isa = PBXVariantGroup;
			children = (
				CD938DD621DDE1370065C6E1 /* Base */,
			);
			name = Main.storyboard;
			sourceTree = "<group>";
		};
		CD938DDA21DDE1390065C6E1 /* LaunchScreen.storyboard */ = {
			isa = PBXVariantGroup;
			children = (
				CD938DDB21DDE1390065C6E1 /* Base */,
			);
			name = LaunchScreen.storyboard;
			sourceTree = "<group>";
		};
/* End PBXVariantGroup section */

/* Begin XCBuildConfiguration section */
		CD938DE921DDE1390065C6E1 /* Debug */ = {
			isa = XCBuildConfiguration;
			buildSettings = {
				ALWAYS_SEARCH_USER_PATHS = NO;
				CLANG_ANALYZER_NONNULL = YES;
				CLANG_ANALYZER_NUMBER_OBJECT_CONVERSION = YES_AGGRESSIVE;
				CLANG_CXX_LANGUAGE_STANDARD = "gnu++14";
				CLANG_CXX_LIBRARY = "libc++";
				CLANG_ENABLE_MODULES = YES;
				CLANG_ENABLE_OBJC_ARC = YES;
				CLANG_ENABLE_OBJC_WEAK = YES;
				CLANG_WARN_BLOCK_CAPTURE_AUTORELEASING = YES;
				CLANG_WARN_BOOL_CONVERSION = YES;
				CLANG_WARN_COMMA = YES;
				CLANG_WARN_CONSTANT_CONVERSION = YES;
				CLANG_WARN_DEPRECATED_OBJC_IMPLEMENTATIONS = YES;
				CLANG_WARN_DIRECT_OBJC_ISA_USAGE = YES_ERROR;
				CLANG_WARN_DOCUMENTATION_COMMENTS = YES;
				CLANG_WARN_EMPTY_BODY = YES;
				CLANG_WARN_ENUM_CONVERSION = YES;
				CLANG_WARN_INFINITE_RECURSION = YES;
				CLANG_WARN_INT_CONVERSION = YES;
				CLANG_WARN_NON_LITERAL_NULL_CONVERSION = YES;
				CLANG_WARN_OBJC_IMPLICIT_RETAIN_SELF = YES;
				CLANG_WARN_OBJC_LITERAL_CONVERSION = YES;
				CLANG_WARN_OBJC_ROOT_CLASS = YES_ERROR;
				CLANG_WARN_RANGE_LOOP_ANALYSIS = YES;
				CLANG_WARN_STRICT_PROTOTYPES = YES;
				CLANG_WARN_SUSPICIOUS_MOVE = YES;
				CLANG_WARN_UNGUARDED_AVAILABILITY = YES_AGGRESSIVE;
				CLANG_WARN_UNREACHABLE_CODE = YES;
				CLANG_WARN__DUPLICATE_METHOD_MATCH = YES;
				CODE_SIGN_IDENTITY = "iPhone Developer";
				COPY_PHASE_STRIP = NO;
				DEBUG_INFORMATION_FORMAT = dwarf;
				ENABLE_STRICT_OBJC_MSGSEND = YES;
				ENABLE_TESTABILITY = YES;
				GCC_C_LANGUAGE_STANDARD = gnu11;
				GCC_DYNAMIC_NO_PIC = NO;
				GCC_NO_COMMON_BLOCKS = YES;
				GCC_OPTIMIZATION_LEVEL = 0;
				GCC_PREPROCESSOR_DEFINITIONS = (
					"DEBUG=1",
					"$(inherited)",
				);
				GCC_WARN_64_TO_32_BIT_CONVERSION = YES;
				GCC_WARN_ABOUT_RETURN_TYPE = YES_ERROR;
				GCC_WARN_UNDECLARED_SELECTOR = YES;
				GCC_WARN_UNINITIALIZED_AUTOS = YES_AGGRESSIVE;
				GCC_WARN_UNUSED_FUNCTION = YES;
				GCC_WARN_UNUSED_VARIABLE = YES;
				IPHONEOS_DEPLOYMENT_TARGET = 12.1;
				MTL_ENABLE_DEBUG_INFO = INCLUDE_SOURCE;
				MTL_FAST_MATH = YES;
				ONLY_ACTIVE_ARCH = YES;
				SDKROOT = iphoneos;
				SWIFT_ACTIVE_COMPILATION_CONDITIONS = DEBUG;
				SWIFT_OPTIMIZATION_LEVEL = "-Onone";
			};
			name = Debug;
		};
		CD938DEA21DDE1390065C6E1 /* Release */ = {
			isa = XCBuildConfiguration;
			buildSettings = {
				ALWAYS_SEARCH_USER_PATHS = NO;
				CLANG_ANALYZER_NONNULL = YES;
				CLANG_ANALYZER_NUMBER_OBJECT_CONVERSION = YES_AGGRESSIVE;
				CLANG_CXX_LANGUAGE_STANDARD = "gnu++14";
				CLANG_CXX_LIBRARY = "libc++";
				CLANG_ENABLE_MODULES = YES;
				CLANG_ENABLE_OBJC_ARC = YES;
				CLANG_ENABLE_OBJC_WEAK = YES;
				CLANG_WARN_BLOCK_CAPTURE_AUTORELEASING = YES;
				CLANG_WARN_BOOL_CONVERSION = YES;
				CLANG_WARN_COMMA = YES;
				CLANG_WARN_CONSTANT_CONVERSION = YES;
				CLANG_WARN_DEPRECATED_OBJC_IMPLEMENTATIONS = YES;
				CLANG_WARN_DIRECT_OBJC_ISA_USAGE = YES_ERROR;
				CLANG_WARN_DOCUMENTATION_COMMENTS = YES;
				CLANG_WARN_EMPTY_BODY = YES;
				CLANG_WARN_ENUM_CONVERSION = YES;
				CLANG_WARN_INFINITE_RECURSION = YES;
				CLANG_WARN_INT_CONVERSION = YES;
				CLANG_WARN_NON_LITERAL_NULL_CONVERSION = YES;
				CLANG_WARN_OBJC_IMPLICIT_RETAIN_SELF = YES;
				CLANG_WARN_OBJC_LITERAL_CONVERSION = YES;
				CLANG_WARN_OBJC_ROOT_CLASS = YES_ERROR;
				CLANG_WARN_RANGE_LOOP_ANALYSIS = YES;
				CLANG_WARN_STRICT_PROTOTYPES = YES;
				CLANG_WARN_SUSPICIOUS_MOVE = YES;
				CLANG_WARN_UNGUARDED_AVAILABILITY = YES_AGGRESSIVE;
				CLANG_WARN_UNREACHABLE_CODE = YES;
				CLANG_WARN__DUPLICATE_METHOD_MATCH = YES;
				CODE_SIGN_IDENTITY = "iPhone Developer";
				COPY_PHASE_STRIP = NO;
				DEBUG_INFORMATION_FORMAT = "dwarf-with-dsym";
				ENABLE_NS_ASSERTIONS = NO;
				ENABLE_STRICT_OBJC_MSGSEND = YES;
				GCC_C_LANGUAGE_STANDARD = gnu11;
				GCC_NO_COMMON_BLOCKS = YES;
				GCC_WARN_64_TO_32_BIT_CONVERSION = YES;
				GCC_WARN_ABOUT_RETURN_TYPE = YES_ERROR;
				GCC_WARN_UNDECLARED_SELECTOR = YES;
				GCC_WARN_UNINITIALIZED_AUTOS = YES_AGGRESSIVE;
				GCC_WARN_UNUSED_FUNCTION = YES;
				GCC_WARN_UNUSED_VARIABLE = YES;
				IPHONEOS_DEPLOYMENT_TARGET = 12.1;
				MTL_ENABLE_DEBUG_INFO = NO;
				MTL_FAST_MATH = YES;
				SDKROOT = iphoneos;
				SWIFT_COMPILATION_MODE = wholemodule;
				SWIFT_OPTIMIZATION_LEVEL = "-O";
				VALIDATE_PRODUCT = YES;
			};
			name = Release;
		};
		CD938DEC21DDE1390065C6E1 /* Debug */ = {
			isa = XCBuildConfiguration;
			baseConfigurationReference = 42089F8C7C7882E2AC50604C /* Pods-recreation.debug.xcconfig */;
			buildSettings = {
				ASSETCATALOG_COMPILER_APPICON_NAME = AppIcon;
				CODE_SIGN_STYLE = Automatic;
				DEVELOPMENT_TEAM = W87L6W32DM;
				INFOPLIST_FILE = recreation/Info.plist;
				LD_RUNPATH_SEARCH_PATHS = (
					"$(inherited)",
					"@executable_path/Frameworks",
				);
				PRODUCT_BUNDLE_IDENTIFIER = com.recreation.recreation;
				PRODUCT_NAME = "$(TARGET_NAME)";
				SWIFT_VERSION = 4.2;
				TARGETED_DEVICE_FAMILY = "1,2";
			};
			name = Debug;
		};
		CD938DED21DDE1390065C6E1 /* Release */ = {
			isa = XCBuildConfiguration;
			baseConfigurationReference = 4FE09A2FA95FEB96B721D956 /* Pods-recreation.release.xcconfig */;
			buildSettings = {
				ASSETCATALOG_COMPILER_APPICON_NAME = AppIcon;
				CODE_SIGN_STYLE = Automatic;
				DEVELOPMENT_TEAM = W87L6W32DM;
				INFOPLIST_FILE = recreation/Info.plist;
				LD_RUNPATH_SEARCH_PATHS = (
					"$(inherited)",
					"@executable_path/Frameworks",
				);
				PRODUCT_BUNDLE_IDENTIFIER = com.recreation.recreation;
				PRODUCT_NAME = "$(TARGET_NAME)";
				SWIFT_VERSION = 4.2;
				TARGETED_DEVICE_FAMILY = "1,2";
			};
			name = Release;
		};
		CD938DEF21DDE1390065C6E1 /* Debug */ = {
			isa = XCBuildConfiguration;
			buildSettings = {
				ALWAYS_EMBED_SWIFT_STANDARD_LIBRARIES = YES;
				BUNDLE_LOADER = "$(TEST_HOST)";
				CODE_SIGN_STYLE = Automatic;
				DEVELOPMENT_TEAM = W87L6W32DM;
				INFOPLIST_FILE = recreationTests/Info.plist;
				LD_RUNPATH_SEARCH_PATHS = (
					"$(inherited)",
					"@executable_path/Frameworks",
					"@loader_path/Frameworks",
				);
				PRODUCT_BUNDLE_IDENTIFIER = com.recreation.recreationTests;
				PRODUCT_NAME = "$(TARGET_NAME)";
				SWIFT_VERSION = 4.2;
				TARGETED_DEVICE_FAMILY = "1,2";
				TEST_HOST = "$(BUILT_PRODUCTS_DIR)/recreation.app/recreation";
			};
			name = Debug;
		};
		CD938DF021DDE1390065C6E1 /* Release */ = {
			isa = XCBuildConfiguration;
			buildSettings = {
				ALWAYS_EMBED_SWIFT_STANDARD_LIBRARIES = YES;
				BUNDLE_LOADER = "$(TEST_HOST)";
				CODE_SIGN_STYLE = Automatic;
				DEVELOPMENT_TEAM = W87L6W32DM;
				INFOPLIST_FILE = recreationTests/Info.plist;
				LD_RUNPATH_SEARCH_PATHS = (
					"$(inherited)",
					"@executable_path/Frameworks",
					"@loader_path/Frameworks",
				);
				PRODUCT_BUNDLE_IDENTIFIER = com.recreation.recreationTests;
				PRODUCT_NAME = "$(TARGET_NAME)";
				SWIFT_VERSION = 4.2;
				TARGETED_DEVICE_FAMILY = "1,2";
				TEST_HOST = "$(BUILT_PRODUCTS_DIR)/recreation.app/recreation";
			};
			name = Release;
		};
/* End XCBuildConfiguration section */

/* Begin XCConfigurationList section */
		CD938DC721DDE1370065C6E1 /* Build configuration list for PBXProject "recreation" */ = {
			isa = XCConfigurationList;
			buildConfigurations = (
				CD938DE921DDE1390065C6E1 /* Debug */,
				CD938DEA21DDE1390065C6E1 /* Release */,
			);
			defaultConfigurationIsVisible = 0;
			defaultConfigurationName = Release;
		};
		CD938DEB21DDE1390065C6E1 /* Build configuration list for PBXNativeTarget "recreation" */ = {
			isa = XCConfigurationList;
			buildConfigurations = (
				CD938DEC21DDE1390065C6E1 /* Debug */,
				CD938DED21DDE1390065C6E1 /* Release */,
			);
			defaultConfigurationIsVisible = 0;
			defaultConfigurationName = Release;
		};
		CD938DEE21DDE1390065C6E1 /* Build configuration list for PBXNativeTarget "recreationTests" */ = {
			isa = XCConfigurationList;
			buildConfigurations = (
				CD938DEF21DDE1390065C6E1 /* Debug */,
				CD938DF021DDE1390065C6E1 /* Release */,
			);
			defaultConfigurationIsVisible = 0;
			defaultConfigurationName = Release;
		};
/* End XCConfigurationList section */
	};
	rootObject = CD938DC421DDE1370065C6E1 /* Project object */;
}
